
Microsoft Visual Studio Solution File, Format Version 12.00
# Visual Studio Version 16
VisualStudioVersion = 16.0.30011.22
MinimumVisualStudioVersion = 10.0.40219.1
Project("{9A19103F-16F7-4668-BE54-9A1E7A4F7556}") = "BaseDeDatos", "BaseDeDatos\BaseDeDatos.csproj", "{FE06CCA8-2F7D-423D-B0F1-CEAF96C85CC3}"
EndProject
Global
	GlobalSection(SolutionConfigurationPlatforms) = preSolution
		Debug|Any CPU = Debug|Any CPU
		Debug|x64 = Debug|x64
		Release|Any CPU = Release|Any CPU
		Release|x64 = Release|x64
	EndGlobalSection
	GlobalSection(ProjectConfigurationPlatforms) = postSolution
		{FE06CCA8-2F7D-423D-B0F1-CEAF96C85CC3}.Debug|Any CPU.ActiveCfg = Debug|Any CPU
		{FE06CCA8-2F7D-423D-B0F1-CEAF96C85CC3}.Debug|Any CPU.Build.0 = Debug|Any CPU
		{FE06CCA8-2F7D-423D-B0F1-CEAF96C85CC3}.Debug|x64.ActiveCfg = Debug|x64
		{FE06CCA8-2F7D-423D-B0F1-CEAF96C85CC3}.Debug|x64.Build.0 = Debug|x64
		{FE06CCA8-2F7D-423D-B0F1-CEAF96C85CC3}.Release|Any CPU.ActiveCfg = Release|Any CPU
		{FE06CCA8-2F7D-423D-B0F1-CEAF96C85CC3}.Release|Any CPU.Build.0 = Release|Any CPU
		{FE06CCA8-2F7D-423D-B0F1-CEAF96C85CC3}.Release|x64.ActiveCfg = Release|x64
		{FE06CCA8-2F7D-423D-B0F1-CEAF96C85CC3}.Release|x64.Build.0 = Release|x64
	EndGlobalSection
	GlobalSection(SolutionProperties) = preSolution
		HideSolutionNode = FALSE
	EndGlobalSection
	GlobalSection(ExtensibilityGlobals) = postSolution
		SolutionGuid = {9D459D5D-76C4-4FBA-B7F6-8F104692D87F}
	EndGlobalSection
EndGlobal
